{
  "name": "spui",
  "version": "0.1.0",
  "lockfileVersion": 1,
  "requires": true,
  "dependencies": {
    "@types/jasmine": {
      "version": "2.6.1",
      "resolved": "https://registry.npmjs.org/@types/jasmine/-/jasmine-2.6.1.tgz",
      "integrity": "sha512-mn58NJ7QZ6p1Pi6tsbOW9wMvO/wOyqA3ydow2BBeiH+LcMln/0TOMoMPCwiFlgX+UTdkedgmjFOmQeGI7iJzwA==",
      "dev": true
    },
    "@types/node": {
      "version": "8.0.47",
      "resolved": "https://registry.npmjs.org/@types/node/-/node-8.0.47.tgz",
      "integrity": "sha512-kOwL746WVvt/9Phf6/JgX/bsGQvbrK5iUgzyfwZNcKVFcjAUVSpF9HxevLTld2SG9aywYHOILj38arDdY1r/iQ==",
      "dev": true
    },
    "bootstrap": {
      "version": "3.4.1",
      "resolved": "https://registry.npmjs.org/bootstrap/-/bootstrap-3.4.1.tgz",
      "integrity": "sha512-yN5oZVmRCwe5aKwzRj6736nSmKDX7pLYwsXiCj/EYmo16hODaBiT4En5btW/jhBF/seV+XMx3aYwukYC3A49DA==",
      "dev": true
    },
    "jasmine": {
      "version": "2.8.0",
      "resolved": "https://registry.npmjs.org/jasmine/-/jasmine-2.8.0.tgz",
      "integrity": "sha1-awicChFXax8W3xG4AUbZHU6Lij4=",
      "dev": true
    },
    "npm-run-all": {
      "version": "4.1.1",
      "resolved": "https://registry.npmjs.org/npm-run-all/-/npm-run-all-4.1.1.tgz",
      "integrity": "sha512-qrmqqaJa+REbzUTIL/mHfTdgwz+gL1xUezY/ueyLa7GISZ4T3h0CH8D2r6AaZdCYN2unu7PzspP0ofpXla1ftg==",
      "dev": true
    },
    "rollup": {
      "version": "0.50.0",
      "resolved": "https://registry.npmjs.org/rollup/-/rollup-0.50.0.tgz",
      "integrity": "sha512-7RqCBQ9iwsOBPkjYgoIaeUij606mSkDMExP0NT7QDI3bqkHYQHrQ83uoNIXwPcQm/vP2VbsUz3kiyZZ1qPlLTQ==",
      "dev": true
    },
    "rollup-plugin-sourcemaps": {
      "version": "0.4.2",
      "resolved": "https://registry.npmjs.org/rollup-plugin-sourcemaps/-/rollup-plugin-sourcemaps-0.4.2.tgz",
      "integrity": "sha1-YhJaqUCHqt97g+9N+vYptHMTXoc=",
      "dev": true
    },
    "tslint": {
      "version": "5.8.0",
      "resolved": "https://registry.npmjs.org/tslint/-/tslint-5.8.0.tgz",
      "integrity": "sha1-H0mtWy53x2w69N3K5VKuTjYS6xM=",
      "dev": true
    },
    "tslint-eslint-rules": {
      "version": "4.1.1",
      "resolved": "https://registry.npmjs.org/tslint-eslint-rules/-/tslint-eslint-rules-4.1.1.tgz",
      "integrity": "sha1-fDDniC8mvCdr/5HSOEl1xp2viLo=",
      "dev": true,
      "dependencies": {
        "tsutils": {
          "version": "1.9.1",
          "resolved": "https://registry.npmjs.org/tsutils/-/tsutils-1.9.1.tgz",
          "integrity": "sha1-ufmrROVa+WgYMdXyjQrur1x1DLA="
        }
      }
    },
    "typescript": {
      "version": "2.4.2",
      "resolved": "https://registry.npmjs.org/typescript/-/typescript-2.4.2.tgz",
      "integrity": "sha1-+DlfhdRZJ2BnyYiqQYN6j4KHCEQ=",
      "dev": true
    }
  }
}
